
Microsoft Visual Studio Solution File, Format Version 12.00
# Visual Studio 14
VisualStudioVersion = 14.0.25420.1
MinimumVisualStudioVersion = 10.0.40219.1
Project("{CC5FD16D-436D-48AD-A40C-5A424C6E3E79}") = "Assignment4", "Assignment4\Assignment4.ccproj", "{5A8AFDCE-DD78-4861-83AF-6FF1B368DB12}"
EndProject
Project("{FAE04EC0-301F-11D3-BF4B-00C04F79EFBC}") = "WebRole1", "WebRole1\WebRole1.csproj", "{DFC38FCF-AA17-4630-B71A-56E3A508B97A}"
EndProject
Project("{FAE04EC0-301F-11D3-BF4B-00C04F79EFBC}") = "WorkerRole1", "WorkerRole1\WorkerRole1.csproj", "{03FF8C19-B06C-4A2D-91FF-9BD0D65655FE}"
EndProject
Project("{FAE04EC0-301F-11D3-BF4B-00C04F79EFBC}") = "ClassLibrary", "ClassLibrary\ClassLibrary.csproj", "{07ACB483-D7EE-480F-AD59-F567C02C7BAC}"
EndProject
Global
	GlobalSection(SolutionConfigurationPlatforms) = preSolution
		Debug|Any CPU = Debug|Any CPU
		Release|Any CPU = Release|Any CPU
	EndGlobalSection
	GlobalSection(ProjectConfigurationPlatforms) = postSolution
		{5A8AFDCE-DD78-4861-83AF-6FF1B368DB12}.Debug|Any CPU.ActiveCfg = Debug|Any CPU
		{5A8AFDCE-DD78-4861-83AF-6FF1B368DB12}.Debug|Any CPU.Build.0 = Debug|Any CPU
		{5A8AFDCE-DD78-4861-83AF-6FF1B368DB12}.Release|Any CPU.ActiveCfg = Release|Any CPU
		{5A8AFDCE-DD78-4861-83AF-6FF1B368DB12}.Release|Any CPU.Build.0 = Release|Any CPU
		{DFC38FCF-AA17-4630-B71A-56E3A508B97A}.Debug|Any CPU.ActiveCfg = Debug|Any CPU
		{DFC38FCF-AA17-4630-B71A-56E3A508B97A}.Debug|Any CPU.Build.0 = Debug|Any CPU
		{DFC38FCF-AA17-4630-B71A-56E3A508B97A}.Release|Any CPU.ActiveCfg = Release|Any CPU
		{DFC38FCF-AA17-4630-B71A-56E3A508B97A}.Release|Any CPU.Build.0 = Release|Any CPU
		{03FF8C19-B06C-4A2D-91FF-9BD0D65655FE}.Debug|Any CPU.ActiveCfg = Debug|Any CPU
		{03FF8C19-B06C-4A2D-91FF-9BD0D65655FE}.Debug|Any CPU.Build.0 = Debug|Any CPU
		{03FF8C19-B06C-4A2D-91FF-9BD0D65655FE}.Release|Any CPU.ActiveCfg = Release|Any CPU
		{03FF8C19-B06C-4A2D-91FF-9BD0D65655FE}.Release|Any CPU.Build.0 = Release|Any CPU
		{07ACB483-D7EE-480F-AD59-F567C02C7BAC}.Debug|Any CPU.ActiveCfg = Debug|Any CPU
		{07ACB483-D7EE-480F-AD59-F567C02C7BAC}.Debug|Any CPU.Build.0 = Debug|Any CPU
		{07ACB483-D7EE-480F-AD59-F567C02C7BAC}.Release|Any CPU.ActiveCfg = Release|Any CPU
		{07ACB483-D7EE-480F-AD59-F567C02C7BAC}.Release|Any CPU.Build.0 = Release|Any CPU
	EndGlobalSection
	GlobalSection(SolutionProperties) = preSolution
		HideSolutionNode = FALSE
	EndGlobalSection
EndGlobal
